
Microsoft Visual Studio Solution File, Format Version 11.00
# Visual Studio 2010
Project("{FAE04EC0-301F-11D3-BF4B-00C04F79EFBC}") = "Pong Protocol", "Pong Protocol\Pong Protocol\Pong Protocol.csproj", "{269753C2-F14E-4B2C-8BAC-04E0B8345AD0}"
EndProject
Project("{96E2B04D-8817-42C6-938A-82C39BA4D311}") = "Pong ProtocolContent", "Pong Protocol\Pong ProtocolContent\Pong ProtocolContent.contentproj", "{B8FA0A72-EFC6-4B07-B676-51746824355A}"
EndProject
Global
	GlobalSection(SolutionConfigurationPlatforms) = preSolution
		Debug|x86 = Debug|x86
		Release|x86 = Release|x86
	EndGlobalSection
	GlobalSection(ProjectConfigurationPlatforms) = postSolution
		{269753C2-F14E-4B2C-8BAC-04E0B8345AD0}.Debug|x86.ActiveCfg = Debug|x86
		{269753C2-F14E-4B2C-8BAC-04E0B8345AD0}.Debug|x86.Build.0 = Debug|x86
		{269753C2-F14E-4B2C-8BAC-04E0B8345AD0}.Release|x86.ActiveCfg = Release|x86
		{269753C2-F14E-4B2C-8BAC-04E0B8345AD0}.Release|x86.Build.0 = Release|x86
		{B8FA0A72-EFC6-4B07-B676-51746824355A}.Debug|x86.ActiveCfg = Debug|x86
		{B8FA0A72-EFC6-4B07-B676-51746824355A}.Release|x86.ActiveCfg = Release|x86
	EndGlobalSection
	GlobalSection(SolutionProperties) = preSolution
		HideSolutionNode = FALSE
	EndGlobalSection
EndGlobal
